
Microsoft Visual Studio Solution File, Format Version 12.00
# Visual Studio Version 16
VisualStudioVersion = 16.0.31129.286
MinimumVisualStudioVersion = 10.0.40219.1
Project("{FAE04EC0-301F-11D3-BF4B-00C04F79EFBC}") = "To-Do", "To-Do\To-Do.csproj", "{2838666B-AB51-4113-BF62-3791227EC48E}"
EndProject
Global
	GlobalSection(SolutionConfigurationPlatforms) = preSolution
		Debug|Any CPU = Debug|Any CPU
		Release|Any CPU = Release|Any CPU
	EndGlobalSection
	GlobalSection(ProjectConfigurationPlatforms) = postSolution
		{2838666B-AB51-4113-BF62-3791227EC48E}.Debug|Any CPU.ActiveCfg = Debug|Any CPU
		{2838666B-AB51-4113-BF62-3791227EC48E}.Debug|Any CPU.Build.0 = Debug|Any CPU
		{2838666B-AB51-4113-BF62-3791227EC48E}.Release|Any CPU.ActiveCfg = Release|Any CPU
		{2838666B-AB51-4113-BF62-3791227EC48E}.Release|Any CPU.Build.0 = Release|Any CPU
	EndGlobalSection
	GlobalSection(SolutionProperties) = preSolution
		HideSolutionNode = FALSE
	EndGlobalSection
	GlobalSection(ExtensibilityGlobals) = postSolution
		SolutionGuid = {9F4C1B0F-44DE-4303-B26F-837EF6602CA3}
	EndGlobalSection
EndGlobal
